
Microsoft Visual Studio Solution File, Format Version 12.00
# Visual Studio Version 17
VisualStudioVersion = 17.4.33205.214
MinimumVisualStudioVersion = 10.0.40219.1
Project("{D954291E-2A0B-460D-934E-DC6B0785DB48}") = "ScrollIntoView.Shared", "ScrollIntoView.Shared\ScrollIntoView.Shared.shproj", "{6279C845-92F8-4333-AB99-3D213163593C}"
EndProject
Project("{2150E333-8FDC-42A3-9474-1A3956D46DE8}") = "Platforms", "Platforms", "{F95AB23D-5723-477D-9345-553A1E023875}"
EndProject
Project("{FAE04EC0-301F-11D3-BF4B-00C04F79EFBC}") = "ScrollIntoView.Droid", "ScrollIntoView.Droid\ScrollIntoView.Droid.csproj", "{1DA9FF4C-9B77-4B39-8208-BF381C6C3821}"
EndProject
Project("{FAE04EC0-301F-11D3-BF4B-00C04F79EFBC}") = "ScrollIntoView.iOS", "ScrollIntoView.iOS\ScrollIntoView.iOS.csproj", "{C4E15D10-DFDA-4245-AA59-9D4EDD293386}"
EndProject
Project("{FAE04EC0-301F-11D3-BF4B-00C04F79EFBC}") = "ScrollIntoView.UWP", "ScrollIntoView.UWP\ScrollIntoView.UWP.csproj", "{F8BB49E8-BF64-4E4D-8AE7-A319820C0906}"
EndProject
Project("{FAE04EC0-301F-11D3-BF4B-00C04F79EFBC}") = "ScrollIntoView.Wasm", "ScrollIntoView.Wasm\ScrollIntoView.Wasm.csproj", "{49902E54-E97D-4E6E-A04E-FFAB3A244EBF}"
EndProject
Project("{FAE04EC0-301F-11D3-BF4B-00C04F79EFBC}") = "ScrollIntoView.macOS", "ScrollIntoView.macOS\ScrollIntoView.macOS.csproj", "{28013735-A7F9-4B0A-A918-EF0EDDEBDF47}"
EndProject
Project("{FAE04EC0-301F-11D3-BF4B-00C04F79EFBC}") = "ScrollIntoView.Skia.Wpf.Host", "ScrollIntoView.Skia.Wpf.Host\ScrollIntoView.Skia.Wpf.Host.csproj", "{A5044A9B-AA5A-4D1C-927B-FF9A4BB76C26}"
EndProject
Project("{FAE04EC0-301F-11D3-BF4B-00C04F79EFBC}") = "ScrollIntoView.Skia.Wpf", "ScrollIntoView.Skia.Wpf\ScrollIntoView.Skia.Wpf.csproj", "{01E6B9C8-137E-4077-9ECF-25628C9C94DC}"
EndProject
Project("{FAE04EC0-301F-11D3-BF4B-00C04F79EFBC}") = "ScrollIntoView.Skia.Gtk", "ScrollIntoView.Skia.Gtk\ScrollIntoView.Skia.Gtk.csproj", "{B256AF82-0A60-4F46-A9F4-726B2FB437D1}"
EndProject
Project("{FAE04EC0-301F-11D3-BF4B-00C04F79EFBC}") = "ScrollIntoView.Skia.Tizen", "ScrollIntoView.Skia.Tizen\ScrollIntoView.Skia.Tizen.csproj", "{A331314A-005C-45B8-942F-9E0D84BB0BCA}"
EndProject
Global
	GlobalSection(SolutionConfigurationPlatforms) = preSolution
		Ad-Hoc|Any CPU = Ad-Hoc|Any CPU
		Ad-Hoc|ARM = Ad-Hoc|ARM
		Ad-Hoc|ARM64 = Ad-Hoc|ARM64
		Ad-Hoc|iPhone = Ad-Hoc|iPhone
		Ad-Hoc|iPhoneSimulator = Ad-Hoc|iPhoneSimulator
		Ad-Hoc|x64 = Ad-Hoc|x64
		Ad-Hoc|x86 = Ad-Hoc|x86
		AppStore|Any CPU = AppStore|Any CPU
		AppStore|ARM = AppStore|ARM
		AppStore|ARM64 = AppStore|ARM64
		AppStore|iPhone = AppStore|iPhone
		AppStore|iPhoneSimulator = AppStore|iPhoneSimulator
		AppStore|x64 = AppStore|x64
		AppStore|x86 = AppStore|x86
		Debug|Any CPU = Debug|Any CPU
		Debug|ARM = Debug|ARM
		Debug|ARM64 = Debug|ARM64
		Debug|iPhone = Debug|iPhone
		Debug|iPhoneSimulator = Debug|iPhoneSimulator
		Debug|x64 = Debug|x64
		Debug|x86 = Debug|x86
		Release|Any CPU = Release|Any CPU
		Release|ARM = Release|ARM
		Release|ARM64 = Release|ARM64
		Release|iPhone = Release|iPhone
		Release|iPhoneSimulator = Release|iPhoneSimulator
		Release|x64 = Release|x64
		Release|x86 = Release|x86
	EndGlobalSection
	GlobalSection(ProjectConfigurationPlatforms) = postSolution
		{1DA9FF4C-9B77-4B39-8208-BF381C6C3821}.Ad-Hoc|Any CPU.ActiveCfg = Debug|Any CPU
		{1DA9FF4C-9B77-4B39-8208-BF381C6C3821}.Ad-Hoc|Any CPU.Build.0 = Debug|Any CPU
		{1DA9FF4C-9B77-4B39-8208-BF381C6C3821}.Ad-Hoc|Any CPU.Deploy.0 = Debug|Any CPU
		{1DA9FF4C-9B77-4B39-8208-BF381C6C3821}.Ad-Hoc|ARM.ActiveCfg = Debug|Any CPU
		{1DA9FF4C-9B77-4B39-8208-BF381C6C3821}.Ad-Hoc|ARM.Build.0 = Debug|Any CPU
		{1DA9FF4C-9B77-4B39-8208-BF381C6C3821}.Ad-Hoc|ARM.Deploy.0 = Debug|Any CPU
		{1DA9FF4C-9B77-4B39-8208-BF381C6C3821}.Ad-Hoc|ARM64.ActiveCfg = Debug|Any CPU
		{1DA9FF4C-9B77-4B39-8208-BF381C6C3821}.Ad-Hoc|ARM64.Build.0 = Debug|Any CPU
		{1DA9FF4C-9B77-4B39-8208-BF381C6C3821}.Ad-Hoc|ARM64.Deploy.0 = Debug|Any CPU
		{1DA9FF4C-9B77-4B39-8208-BF381C6C3821}.Ad-Hoc|iPhone.ActiveCfg = Debug|Any CPU
		{1DA9FF4C-9B77-4B39-8208-BF381C6C3821}.Ad-Hoc|iPhone.Build.0 = Debug|Any CPU
		{1DA9FF4C-9B77-4B39-8208-BF381C6C3821}.Ad-Hoc|iPhone.Deploy.0 = Debug|Any CPU
		{1DA9FF4C-9B77-4B39-8208-BF381C6C3821}.Ad-Hoc|iPhoneSimulator.ActiveCfg = Debug|Any CPU
		{1DA9FF4C-9B77-4B39-8208-BF381C6C3821}.Ad-Hoc|iPhoneSimulator.Build.0 = Debug|Any CPU
		{1DA9FF4C-9B77-4B39-8208-BF381C6C3821}.Ad-Hoc|iPhoneSimulator.Deploy.0 = Debug|Any CPU
		{1DA9FF4C-9B77-4B39-8208-BF381C6C3821}.Ad-Hoc|x64.ActiveCfg = Debug|Any CPU
		{1DA9FF4C-9B77-4B39-8208-BF381C6C3821}.Ad-Hoc|x64.Build.0 = Debug|Any CPU
		{1DA9FF4C-9B77-4B39-8208-BF381C6C3821}.Ad-Hoc|x64.Deploy.0 = Debug|Any CPU
		{1DA9FF4C-9B77-4B39-8208-BF381C6C3821}.Ad-Hoc|x86.ActiveCfg = Debug|Any CPU
		{1DA9FF4C-9B77-4B39-8208-BF381C6C3821}.Ad-Hoc|x86.Build.0 = Debug|Any CPU
		{1DA9FF4C-9B77-4B39-8208-BF381C6C3821}.Ad-Hoc|x86.Deploy.0 = Debug|Any CPU
		{1DA9FF4C-9B77-4B39-8208-BF381C6C3821}.AppStore|Any CPU.ActiveCfg = Debug|Any CPU
		{1DA9FF4C-9B77-4B39-8208-BF381C6C3821}.AppStore|Any CPU.Build.0 = Debug|Any CPU
		{1DA9FF4C-9B77-4B39-8208-BF381C6C3821}.AppStore|Any CPU.Deploy.0 = Debug|Any CPU
		{1DA9FF4C-9B77-4B39-8208-BF381C6C3821}.AppStore|ARM.ActiveCfg = Debug|Any CPU
		{1DA9FF4C-9B77-4B39-8208-BF381C6C3821}.AppStore|ARM.Build.0 = Debug|Any CPU
		{1DA9FF4C-9B77-4B39-8208-BF381C6C3821}.AppStore|ARM.Deploy.0 = Debug|Any CPU
		{1DA9FF4C-9B77-4B39-8208-BF381C6C3821}.AppStore|ARM64.ActiveCfg = Debug|Any CPU
		{1DA9FF4C-9B77-4B39-8208-BF381C6C3821}.AppStore|ARM64.Build.0 = Debug|Any CPU
		{1DA9FF4C-9B77-4B39-8208-BF381C6C3821}.AppStore|ARM64.Deploy.0 = Debug|Any CPU
		{1DA9FF4C-9B77-4B39-8208-BF381C6C3821}.AppStore|iPhone.ActiveCfg = Debug|Any CPU
		{1DA9FF4C-9B77-4B39-8208-BF381C6C3821}.AppStore|iPhone.Build.0 = Debug|Any CPU
		{1DA9FF4C-9B77-4B39-8208-BF381C6C3821}.AppStore|iPhone.Deploy.0 = Debug|Any CPU
		{1DA9FF4C-9B77-4B39-8208-BF381C6C3821}.AppStore|iPhoneSimulator.ActiveCfg = Debug|Any CPU
		{1DA9FF4C-9B77-4B39-8208-BF381C6C3821}.AppStore|iPhoneSimulator.Build.0 = Debug|Any CPU
		{1DA9FF4C-9B77-4B39-8208-BF381C6C3821}.AppStore|iPhoneSimulator.Deploy.0 = Debug|Any CPU
		{1DA9FF4C-9B77-4B39-8208-BF381C6C3821}.AppStore|x64.ActiveCfg = Debug|Any CPU
		{1DA9FF4C-9B77-4B39-8208-BF381C6C3821}.AppStore|x64.Build.0 = Debug|Any CPU
		{1DA9FF4C-9B77-4B39-8208-BF381C6C3821}.AppStore|x64.Deploy.0 = Debug|Any CPU
		{1DA9FF4C-9B77-4B39-8208-BF381C6C3821}.AppStore|x86.ActiveCfg = Debug|Any CPU
		{1DA9FF4C-9B77-4B39-8208-BF381C6C3821}.AppStore|x86.Build.0 = Debug|Any CPU
		{1DA9FF4C-9B77-4B39-8208-BF381C6C3821}.AppStore|x86.Deploy.0 = Debug|Any CPU
		{1DA9FF4C-9B77-4B39-8208-BF381C6C3821}.Debug|Any CPU.ActiveCfg = Debug|Any CPU
		{1DA9FF4C-9B77-4B39-8208-BF381C6C3821}.Debug|Any CPU.Build.0 = Debug|Any CPU
		{1DA9FF4C-9B77-4B39-8208-BF381C6C3821}.Debug|Any CPU.Deploy.0 = Debug|Any CPU
		{1DA9FF4C-9B77-4B39-8208-BF381C6C3821}.Debug|ARM.ActiveCfg = Debug|Any CPU
		{1DA9FF4C-9B77-4B39-8208-BF381C6C3821}.Debug|ARM.Build.0 = Debug|Any CPU
		{1DA9FF4C-9B77-4B39-8208-BF381C6C3821}.Debug|ARM.Deploy.0 = Debug|Any CPU
		{1DA9FF4C-9B77-4B39-8208-BF381C6C3821}.Debug|ARM64.ActiveCfg = Debug|Any CPU
		{1DA9FF4C-9B77-4B39-8208-BF381C6C3821}.Debug|ARM64.Build.0 = Debug|Any CPU
		{1DA9FF4C-9B77-4B39-8208-BF381C6C3821}.Debug|ARM64.Deploy.0 = Debug|Any CPU
		{1DA9FF4C-9B77-4B39-8208-BF381C6C3821}.Debug|iPhone.ActiveCfg = Debug|Any CPU
		{1DA9FF4C-9B77-4B39-8208-BF381C6C3821}.Debug|iPhone.Build.0 = Debug|Any CPU
		{1DA9FF4C-9B77-4B39-8208-BF381C6C3821}.Debug|iPhone.Deploy.0 = Debug|Any CPU
		{1DA9FF4C-9B77-4B39-8208-BF381C6C3821}.Debug|iPhoneSimulator.ActiveCfg = Debug|Any CPU
		{1DA9FF4C-9B77-4B39-8208-BF381C6C3821}.Debug|iPhoneSimulator.Build.0 = Debug|Any CPU
		{1DA9FF4C-9B77-4B39-8208-BF381C6C3821}.Debug|iPhoneSimulator.Deploy.0 = Debug|Any CPU
		{1DA9FF4C-9B77-4B39-8208-BF381C6C3821}.Debug|x64.ActiveCfg = Debug|Any CPU
		{1DA9FF4C-9B77-4B39-8208-BF381C6C3821}.Debug|x64.Build.0 = Debug|Any CPU
		{1DA9FF4C-9B77-4B39-8208-BF381C6C3821}.Debug|x64.Deploy.0 = Debug|Any CPU
		{1DA9FF4C-9B77-4B39-8208-BF381C6C3821}.Debug|x86.ActiveCfg = Debug|Any CPU
		{1DA9FF4C-9B77-4B39-8208-BF381C6C3821}.Debug|x86.Build.0 = Debug|Any CPU
		{1DA9FF4C-9B77-4B39-8208-BF381C6C3821}.Debug|x86.Deploy.0 = Debug|Any CPU
		{1DA9FF4C-9B77-4B39-8208-BF381C6C3821}.Release|Any CPU.ActiveCfg = Release|Any CPU
		{1DA9FF4C-9B77-4B39-8208-BF381C6C3821}.Release|Any CPU.Build.0 = Release|Any CPU
		{1DA9FF4C-9B77-4B39-8208-BF381C6C3821}.Release|Any CPU.Deploy.0 = Release|Any CPU
		{1DA9FF4C-9B77-4B39-8208-BF381C6C3821}.Release|ARM.ActiveCfg = Release|Any CPU
		{1DA9FF4C-9B77-4B39-8208-BF381C6C3821}.Release|ARM.Build.0 = Release|Any CPU
		{1DA9FF4C-9B77-4B39-8208-BF381C6C3821}.Release|ARM.Deploy.0 = Release|Any CPU
		{1DA9FF4C-9B77-4B39-8208-BF381C6C3821}.Release|ARM64.ActiveCfg = Release|Any CPU
		{1DA9FF4C-9B77-4B39-8208-BF381C6C3821}.Release|ARM64.Build.0 = Release|Any CPU
		{1DA9FF4C-9B77-4B39-8208-BF381C6C3821}.Release|ARM64.Deploy.0 = Release|Any CPU
		{1DA9FF4C-9B77-4B39-8208-BF381C6C3821}.Release|iPhone.ActiveCfg = Release|Any CPU
		{1DA9FF4C-9B77-4B39-8208-BF381C6C3821}.Release|iPhone.Build.0 = Release|Any CPU
		{1DA9FF4C-9B77-4B39-8208-BF381C6C3821}.Release|iPhone.Deploy.0 = Release|Any CPU
		{1DA9FF4C-9B77-4B39-8208-BF381C6C3821}.Release|iPhoneSimulator.ActiveCfg = Release|Any CPU
		{1DA9FF4C-9B77-4B39-8208-BF381C6C3821}.Release|iPhoneSimulator.Build.0 = Release|Any CPU
		{1DA9FF4C-9B77-4B39-8208-BF381C6C3821}.Release|iPhoneSimulator.Deploy.0 = Release|Any CPU
		{1DA9FF4C-9B77-4B39-8208-BF381C6C3821}.Release|x64.ActiveCfg = Release|Any CPU
		{1DA9FF4C-9B77-4B39-8208-BF381C6C3821}.Release|x64.Build.0 = Release|Any CPU
		{1DA9FF4C-9B77-4B39-8208-BF381C6C3821}.Release|x64.Deploy.0 = Release|Any CPU
		{1DA9FF4C-9B77-4B39-8208-BF381C6C3821}.Release|x86.ActiveCfg = Release|Any CPU
		{1DA9FF4C-9B77-4B39-8208-BF381C6C3821}.Release|x86.Build.0 = Release|Any CPU
		{1DA9FF4C-9B77-4B39-8208-BF381C6C3821}.Release|x86.Deploy.0 = Release|Any CPU
		{C4E15D10-DFDA-4245-AA59-9D4EDD293386}.Ad-Hoc|Any CPU.ActiveCfg = Ad-Hoc|iPhoneSimulator
		{C4E15D10-DFDA-4245-AA59-9D4EDD293386}.Ad-Hoc|Any CPU.Build.0 = Ad-Hoc|iPhoneSimulator
		{C4E15D10-DFDA-4245-AA59-9D4EDD293386}.Ad-Hoc|ARM.ActiveCfg = Ad-Hoc|iPhoneSimulator
		{C4E15D10-DFDA-4245-AA59-9D4EDD293386}.Ad-Hoc|ARM.Build.0 = Ad-Hoc|iPhoneSimulator
		{C4E15D10-DFDA-4245-AA59-9D4EDD293386}.Ad-Hoc|ARM64.ActiveCfg = Ad-Hoc|iPhoneSimulator
		{C4E15D10-DFDA-4245-AA59-9D4EDD293386}.Ad-Hoc|ARM64.Build.0 = Ad-Hoc|iPhoneSimulator
		{C4E15D10-DFDA-4245-AA59-9D4EDD293386}.Ad-Hoc|iPhone.ActiveCfg = Ad-Hoc|iPhone
		{C4E15D10-DFDA-4245-AA59-9D4EDD293386}.Ad-Hoc|iPhone.Build.0 = Ad-Hoc|iPhone
		{C4E15D10-DFDA-4245-AA59-9D4EDD293386}.Ad-Hoc|iPhoneSimulator.ActiveCfg = Ad-Hoc|iPhoneSimulator
		{C4E15D10-DFDA-4245-AA59-9D4EDD293386}.Ad-Hoc|iPhoneSimulator.Build.0 = Ad-Hoc|iPhoneSimulator
		{C4E15D10-DFDA-4245-AA59-9D4EDD293386}.Ad-Hoc|x64.ActiveCfg = Ad-Hoc|iPhoneSimulator
		{C4E15D10-DFDA-4245-AA59-9D4EDD293386}.Ad-Hoc|x64.Build.0 = Ad-Hoc|iPhoneSimulator
		{C4E15D10-DFDA-4245-AA59-9D4EDD293386}.Ad-Hoc|x86.ActiveCfg = Ad-Hoc|iPhoneSimulator
		{C4E15D10-DFDA-4245-AA59-9D4EDD293386}.Ad-Hoc|x86.Build.0 = Ad-Hoc|iPhoneSimulator
		{C4E15D10-DFDA-4245-AA59-9D4EDD293386}.AppStore|Any CPU.ActiveCfg = AppStore|iPhoneSimulator
		{C4E15D10-DFDA-4245-AA59-9D4EDD293386}.AppStore|Any CPU.Build.0 = AppStore|iPhoneSimulator
		{C4E15D10-DFDA-4245-AA59-9D4EDD293386}.AppStore|ARM.ActiveCfg = AppStore|iPhoneSimulator
		{C4E15D10-DFDA-4245-AA59-9D4EDD293386}.AppStore|ARM.Build.0 = AppStore|iPhoneSimulator
		{C4E15D10-DFDA-4245-AA59-9D4EDD293386}.AppStore|ARM64.ActiveCfg = AppStore|iPhoneSimulator
		{C4E15D10-DFDA-4245-AA59-9D4EDD293386}.AppStore|ARM64.Build.0 = AppStore|iPhoneSimulator
		{C4E15D10-DFDA-4245-AA59-9D4EDD293386}.AppStore|iPhone.ActiveCfg = AppStore|iPhone
		{C4E15D10-DFDA-4245-AA59-9D4EDD293386}.AppStore|iPhone.Build.0 = AppStore|iPhone
		{C4E15D10-DFDA-4245-AA59-9D4EDD293386}.AppStore|iPhoneSimulator.ActiveCfg = AppStore|iPhoneSimulator
		{C4E15D10-DFDA-4245-AA59-9D4EDD293386}.AppStore|iPhoneSimulator.Build.0 = AppStore|iPhoneSimulator
		{C4E15D10-DFDA-4245-AA59-9D4EDD293386}.AppStore|x64.ActiveCfg = AppStore|iPhoneSimulator
		{C4E15D10-DFDA-4245-AA59-9D4EDD293386}.AppStore|x64.Build.0 = AppStore|iPhoneSimulator
		{C4E15D10-DFDA-4245-AA59-9D4EDD293386}.AppStore|x86.ActiveCfg = AppStore|iPhoneSimulator
		{C4E15D10-DFDA-4245-AA59-9D4EDD293386}.AppStore|x86.Build.0 = AppStore|iPhoneSimulator
		{C4E15D10-DFDA-4245-AA59-9D4EDD293386}.Debug|Any CPU.ActiveCfg = Debug|iPhoneSimulator
		{C4E15D10-DFDA-4245-AA59-9D4EDD293386}.Debug|Any CPU.Build.0 = Debug|iPhoneSimulator
		{C4E15D10-DFDA-4245-AA59-9D4EDD293386}.Debug|ARM.ActiveCfg = Debug|iPhoneSimulator
		{C4E15D10-DFDA-4245-AA59-9D4EDD293386}.Debug|ARM.Build.0 = Debug|iPhoneSimulator
		{C4E15D10-DFDA-4245-AA59-9D4EDD293386}.Debug|ARM64.ActiveCfg = Debug|iPhoneSimulator
		{C4E15D10-DFDA-4245-AA59-9D4EDD293386}.Debug|ARM64.Build.0 = Debug|iPhoneSimulator
		{C4E15D10-DFDA-4245-AA59-9D4EDD293386}.Debug|iPhone.ActiveCfg = Debug|iPhone
		{C4E15D10-DFDA-4245-AA59-9D4EDD293386}.Debug|iPhone.Build.0 = Debug|iPhone
		{C4E15D10-DFDA-4245-AA59-9D4EDD293386}.Debug|iPhone.Deploy.0 = Debug|iPhone
		{C4E15D10-DFDA-4245-AA59-9D4EDD293386}.Debug|iPhoneSimulator.ActiveCfg = Debug|iPhoneSimulator
		{C4E15D10-DFDA-4245-AA59-9D4EDD293386}.Debug|iPhoneSimulator.Build.0 = Debug|iPhoneSimulator
		{C4E15D10-DFDA-4245-AA59-9D4EDD293386}.Debug|iPhoneSimulator.Deploy.0 = Debug|iPhoneSimulator
		{C4E15D10-DFDA-4245-AA59-9D4EDD293386}.Debug|x64.ActiveCfg = Debug|iPhoneSimulator
		{C4E15D10-DFDA-4245-AA59-9D4EDD293386}.Debug|x64.Build.0 = Debug|iPhoneSimulator
		{C4E15D10-DFDA-4245-AA59-9D4EDD293386}.Debug|x86.ActiveCfg = Debug|iPhoneSimulator
		{C4E15D10-DFDA-4245-AA59-9D4EDD293386}.Debug|x86.Build.0 = Debug|iPhoneSimulator
		{C4E15D10-DFDA-4245-AA59-9D4EDD293386}.Release|Any CPU.ActiveCfg = Release|iPhoneSimulator
		{C4E15D10-DFDA-4245-AA59-9D4EDD293386}.Release|Any CPU.Build.0 = Release|iPhoneSimulator
		{C4E15D10-DFDA-4245-AA59-9D4EDD293386}.Release|ARM.ActiveCfg = Release|iPhoneSimulator
		{C4E15D10-DFDA-4245-AA59-9D4EDD293386}.Release|ARM.Build.0 = Release|iPhoneSimulator
		{C4E15D10-DFDA-4245-AA59-9D4EDD293386}.Release|ARM64.ActiveCfg = Release|iPhoneSimulator
		{C4E15D10-DFDA-4245-AA59-9D4EDD293386}.Release|ARM64.Build.0 = Release|iPhoneSimulator
		{C4E15D10-DFDA-4245-AA59-9D4EDD293386}.Release|iPhone.ActiveCfg = Release|iPhone
		{C4E15D10-DFDA-4245-AA59-9D4EDD293386}.Release|iPhone.Build.0 = Release|iPhone
		{C4E15D10-DFDA-4245-AA59-9D4EDD293386}.Release|iPhoneSimulator.ActiveCfg = Release|iPhoneSimulator
		{C4E15D10-DFDA-4245-AA59-9D4EDD293386}.Release|iPhoneSimulator.Build.0 = Release|iPhoneSimulator
		{C4E15D10-DFDA-4245-AA59-9D4EDD293386}.Release|x64.ActiveCfg = Release|iPhoneSimulator
		{C4E15D10-DFDA-4245-AA59-9D4EDD293386}.Release|x64.Build.0 = Release|iPhoneSimulator
		{C4E15D10-DFDA-4245-AA59-9D4EDD293386}.Release|x86.ActiveCfg = Release|iPhoneSimulator
		{C4E15D10-DFDA-4245-AA59-9D4EDD293386}.Release|x86.Build.0 = Release|iPhoneSimulator
		{F8BB49E8-BF64-4E4D-8AE7-A319820C0906}.Ad-Hoc|Any CPU.ActiveCfg = Debug|x64
		{F8BB49E8-BF64-4E4D-8AE7-A319820C0906}.Ad-Hoc|Any CPU.Build.0 = Debug|x64
		{F8BB49E8-BF64-4E4D-8AE7-A319820C0906}.Ad-Hoc|Any CPU.Deploy.0 = Debug|x64
		{F8BB49E8-BF64-4E4D-8AE7-A319820C0906}.Ad-Hoc|ARM.ActiveCfg = Debug|ARM
		{F8BB49E8-BF64-4E4D-8AE7-A319820C0906}.Ad-Hoc|ARM.Build.0 = Debug|ARM
		{F8BB49E8-BF64-4E4D-8AE7-A319820C0906}.Ad-Hoc|ARM.Deploy.0 = Debug|ARM
		{F8BB49E8-BF64-4E4D-8AE7-A319820C0906}.Ad-Hoc|ARM64.ActiveCfg = Debug|ARM64
		{F8BB49E8-BF64-4E4D-8AE7-A319820C0906}.Ad-Hoc|ARM64.Build.0 = Debug|ARM64
		{F8BB49E8-BF64-4E4D-8AE7-A319820C0906}.Ad-Hoc|ARM64.Deploy.0 = Debug|ARM64
		{F8BB49E8-BF64-4E4D-8AE7-A319820C0906}.Ad-Hoc|iPhone.ActiveCfg = Debug|x64
		{F8BB49E8-BF64-4E4D-8AE7-A319820C0906}.Ad-Hoc|iPhone.Build.0 = Debug|x64
		{F8BB49E8-BF64-4E4D-8AE7-A319820C0906}.Ad-Hoc|iPhone.Deploy.0 = Debug|x64
		{F8BB49E8-BF64-4E4D-8AE7-A319820C0906}.Ad-Hoc|iPhoneSimulator.ActiveCfg = Debug|x64
		{F8BB49E8-BF64-4E4D-8AE7-A319820C0906}.Ad-Hoc|iPhoneSimulator.Build.0 = Debug|x64
		{F8BB49E8-BF64-4E4D-8AE7-A319820C0906}.Ad-Hoc|iPhoneSimulator.Deploy.0 = Debug|x64
		{F8BB49E8-BF64-4E4D-8AE7-A319820C0906}.Ad-Hoc|x64.ActiveCfg = Debug|x64
		{F8BB49E8-BF64-4E4D-8AE7-A319820C0906}.Ad-Hoc|x64.Build.0 = Debug|x64
		{F8BB49E8-BF64-4E4D-8AE7-A319820C0906}.Ad-Hoc|x64.Deploy.0 = Debug|x64
		{F8BB49E8-BF64-4E4D-8AE7-A319820C0906}.Ad-Hoc|x86.ActiveCfg = Debug|x86
		{F8BB49E8-BF64-4E4D-8AE7-A319820C0906}.Ad-Hoc|x86.Build.0 = Debug|x86
		{F8BB49E8-BF64-4E4D-8AE7-A319820C0906}.Ad-Hoc|x86.Deploy.0 = Debug|x86
		{F8BB49E8-BF64-4E4D-8AE7-A319820C0906}.AppStore|Any CPU.ActiveCfg = Debug|x64
		{F8BB49E8-BF64-4E4D-8AE7-A319820C0906}.AppStore|Any CPU.Build.0 = Debug|x64
		{F8BB49E8-BF64-4E4D-8AE7-A319820C0906}.AppStore|Any CPU.Deploy.0 = Debug|x64
		{F8BB49E8-BF64-4E4D-8AE7-A319820C0906}.AppStore|ARM.ActiveCfg = Debug|ARM
		{F8BB49E8-BF64-4E4D-8AE7-A319820C0906}.AppStore|ARM.Build.0 = Debug|ARM
		{F8BB49E8-BF64-4E4D-8AE7-A319820C0906}.AppStore|ARM.Deploy.0 = Debug|ARM
		{F8BB49E8-BF64-4E4D-8AE7-A319820C0906}.AppStore|ARM64.ActiveCfg = Debug|ARM64
		{F8BB49E8-BF64-4E4D-8AE7-A319820C0906}.AppStore|ARM64.Build.0 = Debug|ARM64
		{F8BB49E8-BF64-4E4D-8AE7-A319820C0906}.AppStore|ARM64.Deploy.0 = Debug|ARM64
		{F8BB49E8-BF64-4E4D-8AE7-A319820C0906}.AppStore|iPhone.ActiveCfg = Debug|x64
		{F8BB49E8-BF64-4E4D-8AE7-A319820C0906}.AppStore|iPhone.Build.0 = Debug|x64
		{F8BB49E8-BF64-4E4D-8AE7-A319820C0906}.AppStore|iPhone.Deploy.0 = Debug|x64
		{F8BB49E8-BF64-4E4D-8AE7-A319820C0906}.AppStore|iPhoneSimulator.ActiveCfg = Debug|x64
		{F8BB49E8-BF64-4E4D-8AE7-A319820C0906}.AppStore|iPhoneSimulator.Build.0 = Debug|x64
		{F8BB49E8-BF64-4E4D-8AE7-A319820C0906}.AppStore|iPhoneSimulator.Deploy.0 = Debug|x64
		{F8BB49E8-BF64-4E4D-8AE7-A319820C0906}.AppStore|x64.ActiveCfg = Debug|x64
		{F8BB49E8-BF64-4E4D-8AE7-A319820C0906}.AppStore|x64.Build.0 = Debug|x64
		{F8BB49E8-BF64-4E4D-8AE7-A319820C0906}.AppStore|x64.Deploy.0 = Debug|x64
		{F8BB49E8-BF64-4E4D-8AE7-A319820C0906}.AppStore|x86.ActiveCfg = Debug|x86
		{F8BB49E8-BF64-4E4D-8AE7-A319820C0906}.AppStore|x86.Build.0 = Debug|x86
		{F8BB49E8-BF64-4E4D-8AE7-A319820C0906}.AppStore|x86.Deploy.0 = Debug|x86
		{F8BB49E8-BF64-4E4D-8AE7-A319820C0906}.Debug|Any CPU.ActiveCfg = Debug|x64
		{F8BB49E8-BF64-4E4D-8AE7-A319820C0906}.Debug|Any CPU.Build.0 = Debug|x64
		{F8BB49E8-BF64-4E4D-8AE7-A319820C0906}.Debug|Any CPU.Deploy.0 = Debug|x64
		{F8BB49E8-BF64-4E4D-8AE7-A319820C0906}.Debug|ARM.ActiveCfg = Debug|ARM
		{F8BB49E8-BF64-4E4D-8AE7-A319820C0906}.Debug|ARM.Build.0 = Debug|ARM
		{F8BB49E8-BF64-4E4D-8AE7-A319820C0906}.Debug|ARM.Deploy.0 = Debug|ARM
		{F8BB49E8-BF64-4E4D-8AE7-A319820C0906}.Debug|ARM64.ActiveCfg = Debug|ARM64
		{F8BB49E8-BF64-4E4D-8AE7-A319820C0906}.Debug|ARM64.Build.0 = Debug|ARM64
		{F8BB49E8-BF64-4E4D-8AE7-A319820C0906}.Debug|ARM64.Deploy.0 = Debug|ARM64
		{F8BB49E8-BF64-4E4D-8AE7-A319820C0906}.Debug|iPhone.ActiveCfg = Debug|x64
		{F8BB49E8-BF64-4E4D-8AE7-A319820C0906}.Debug|iPhone.Build.0 = Debug|x64
		{F8BB49E8-BF64-4E4D-8AE7-A319820C0906}.Debug|iPhone.Deploy.0 = Debug|x64
		{F8BB49E8-BF64-4E4D-8AE7-A319820C0906}.Debug|iPhoneSimulator.ActiveCfg = Debug|x64
		{F8BB49E8-BF64-4E4D-8AE7-A319820C0906}.Debug|iPhoneSimulator.Build.0 = Debug|x64
		{F8BB49E8-BF64-4E4D-8AE7-A319820C0906}.Debug|iPhoneSimulator.Deploy.0 = Debug|x64
		{F8BB49E8-BF64-4E4D-8AE7-A319820C0906}.Debug|x64.ActiveCfg = Debug|x64
		{F8BB49E8-BF64-4E4D-8AE7-A319820C0906}.Debug|x64.Build.0 = Debug|x64
		{F8BB49E8-BF64-4E4D-8AE7-A319820C0906}.Debug|x64.Deploy.0 = Debug|x64
		{F8BB49E8-BF64-4E4D-8AE7-A319820C0906}.Debug|x86.ActiveCfg = Debug|x86
		{F8BB49E8-BF64-4E4D-8AE7-A319820C0906}.Debug|x86.Build.0 = Debug|x86
		{F8BB49E8-BF64-4E4D-8AE7-A319820C0906}.Debug|x86.Deploy.0 = Debug|x86
		{F8BB49E8-BF64-4E4D-8AE7-A319820C0906}.Release|Any CPU.ActiveCfg = Release|x64
		{F8BB49E8-BF64-4E4D-8AE7-A319820C0906}.Release|Any CPU.Build.0 = Release|x64
		{F8BB49E8-BF64-4E4D-8AE7-A319820C0906}.Release|Any CPU.Deploy.0 = Release|x64
		{F8BB49E8-BF64-4E4D-8AE7-A319820C0906}.Release|ARM.ActiveCfg = Release|ARM
		{F8BB49E8-BF64-4E4D-8AE7-A319820C0906}.Release|ARM.Build.0 = Release|ARM
		{F8BB49E8-BF64-4E4D-8AE7-A319820C0906}.Release|ARM.Deploy.0 = Release|ARM
		{F8BB49E8-BF64-4E4D-8AE7-A319820C0906}.Release|ARM64.ActiveCfg = Release|ARM64
		{F8BB49E8-BF64-4E4D-8AE7-A319820C0906}.Release|ARM64.Build.0 = Release|ARM64
		{F8BB49E8-BF64-4E4D-8AE7-A319820C0906}.Release|ARM64.Deploy.0 = Release|ARM64
		{F8BB49E8-BF64-4E4D-8AE7-A319820C0906}.Release|iPhone.ActiveCfg = Release|x64
		{F8BB49E8-BF64-4E4D-8AE7-A319820C0906}.Release|iPhone.Build.0 = Release|x64
		{F8BB49E8-BF64-4E4D-8AE7-A319820C0906}.Release|iPhone.Deploy.0 = Release|x64
		{F8BB49E8-BF64-4E4D-8AE7-A319820C0906}.Release|iPhoneSimulator.ActiveCfg = Release|x64
		{F8BB49E8-BF64-4E4D-8AE7-A319820C0906}.Release|iPhoneSimulator.Build.0 = Release|x64
		{F8BB49E8-BF64-4E4D-8AE7-A319820C0906}.Release|iPhoneSimulator.Deploy.0 = Release|x64
		{F8BB49E8-BF64-4E4D-8AE7-A319820C0906}.Release|x64.ActiveCfg = Release|x64
		{F8BB49E8-BF64-4E4D-8AE7-A319820C0906}.Release|x64.Build.0 = Release|x64
		{F8BB49E8-BF64-4E4D-8AE7-A319820C0906}.Release|x64.Deploy.0 = Release|x64
		{F8BB49E8-BF64-4E4D-8AE7-A319820C0906}.Release|x86.ActiveCfg = Release|x86
		{F8BB49E8-BF64-4E4D-8AE7-A319820C0906}.Release|x86.Build.0 = Release|x86
		{F8BB49E8-BF64-4E4D-8AE7-A319820C0906}.Release|x86.Deploy.0 = Release|x86
		{49902E54-E97D-4E6E-A04E-FFAB3A244EBF}.Ad-Hoc|Any CPU.ActiveCfg = Debug|Any CPU
		{49902E54-E97D-4E6E-A04E-FFAB3A244EBF}.Ad-Hoc|Any CPU.Build.0 = Debug|Any CPU
		{49902E54-E97D-4E6E-A04E-FFAB3A244EBF}.Ad-Hoc|ARM.ActiveCfg = Debug|Any CPU
		{49902E54-E97D-4E6E-A04E-FFAB3A244EBF}.Ad-Hoc|ARM.Build.0 = Debug|Any CPU
		{49902E54-E97D-4E6E-A04E-FFAB3A244EBF}.Ad-Hoc|ARM64.ActiveCfg = Debug|Any CPU
		{49902E54-E97D-4E6E-A04E-FFAB3A244EBF}.Ad-Hoc|ARM64.Build.0 = Debug|Any CPU
		{49902E54-E97D-4E6E-A04E-FFAB3A244EBF}.Ad-Hoc|iPhone.ActiveCfg = Debug|Any CPU
		{49902E54-E97D-4E6E-A04E-FFAB3A244EBF}.Ad-Hoc|iPhone.Build.0 = Debug|Any CPU
		{49902E54-E97D-4E6E-A04E-FFAB3A244EBF}.Ad-Hoc|iPhoneSimulator.ActiveCfg = Debug|Any CPU
		{49902E54-E97D-4E6E-A04E-FFAB3A244EBF}.Ad-Hoc|iPhoneSimulator.Build.0 = Debug|Any CPU
		{49902E54-E97D-4E6E-A04E-FFAB3A244EBF}.Ad-Hoc|x64.ActiveCfg = Debug|Any CPU
		{49902E54-E97D-4E6E-A04E-FFAB3A244EBF}.Ad-Hoc|x64.Build.0 = Debug|Any CPU
		{49902E54-E97D-4E6E-A04E-FFAB3A244EBF}.Ad-Hoc|x86.ActiveCfg = Debug|Any CPU
		{49902E54-E97D-4E6E-A04E-FFAB3A244EBF}.Ad-Hoc|x86.Build.0 = Debug|Any CPU
		{49902E54-E97D-4E6E-A04E-FFAB3A244EBF}.AppStore|Any CPU.ActiveCfg = Debug|Any CPU
		{49902E54-E97D-4E6E-A04E-FFAB3A244EBF}.AppStore|Any CPU.Build.0 = Debug|Any CPU
		{49902E54-E97D-4E6E-A04E-FFAB3A244EBF}.AppStore|ARM.ActiveCfg = Debug|Any CPU
		{49902E54-E97D-4E6E-A04E-FFAB3A244EBF}.AppStore|ARM.Build.0 = Debug|Any CPU
		{49902E54-E97D-4E6E-A04E-FFAB3A244EBF}.AppStore|ARM64.ActiveCfg = Debug|Any CPU
		{49902E54-E97D-4E6E-A04E-FFAB3A244EBF}.AppStore|ARM64.Build.0 = Debug|Any CPU
		{49902E54-E97D-4E6E-A04E-FFAB3A244EBF}.AppStore|iPhone.ActiveCfg = Debug|Any CPU
		{49902E54-E97D-4E6E-A04E-FFAB3A244EBF}.AppStore|iPhone.Build.0 = Debug|Any CPU
		{49902E54-E97D-4E6E-A04E-FFAB3A244EBF}.AppStore|iPhoneSimulator.ActiveCfg = Debug|Any CPU
		{49902E54-E97D-4E6E-A04E-FFAB3A244EBF}.AppStore|iPhoneSimulator.Build.0 = Debug|Any CPU
		{49902E54-E97D-4E6E-A04E-FFAB3A244EBF}.AppStore|x64.ActiveCfg = Debug|Any CPU
		{49902E54-E97D-4E6E-A04E-FFAB3A244EBF}.AppStore|x64.Build.0 = Debug|Any CPU
		{49902E54-E97D-4E6E-A04E-FFAB3A244EBF}.AppStore|x86.ActiveCfg = Debug|Any CPU
		{49902E54-E97D-4E6E-A04E-FFAB3A244EBF}.AppStore|x86.Build.0 = Debug|Any CPU
		{49902E54-E97D-4E6E-A04E-FFAB3A244EBF}.Debug|Any CPU.ActiveCfg = Debug|Any CPU
		{49902E54-E97D-4E6E-A04E-FFAB3A244EBF}.Debug|Any CPU.Build.0 = Debug|Any CPU
		{49902E54-E97D-4E6E-A04E-FFAB3A244EBF}.Debug|ARM.ActiveCfg = Debug|Any CPU
		{49902E54-E97D-4E6E-A04E-FFAB3A244EBF}.Debug|ARM.Build.0 = Debug|Any CPU
		{49902E54-E97D-4E6E-A04E-FFAB3A244EBF}.Debug|ARM64.ActiveCfg = Debug|Any CPU
		{49902E54-E97D-4E6E-A04E-FFAB3A244EBF}.Debug|ARM64.Build.0 = Debug|Any CPU
		{49902E54-E97D-4E6E-A04E-FFAB3A244EBF}.Debug|iPhone.ActiveCfg = Debug|Any CPU
		{49902E54-E97D-4E6E-A04E-FFAB3A244EBF}.Debug|iPhone.Build.0 = Debug|Any CPU
		{49902E54-E97D-4E6E-A04E-FFAB3A244EBF}.Debug|iPhoneSimulator.ActiveCfg = Debug|Any CPU
		{49902E54-E97D-4E6E-A04E-FFAB3A244EBF}.Debug|iPhoneSimulator.Build.0 = Debug|Any CPU
		{49902E54-E97D-4E6E-A04E-FFAB3A244EBF}.Debug|x64.ActiveCfg = Debug|Any CPU
		{49902E54-E97D-4E6E-A04E-FFAB3A244EBF}.Debug|x64.Build.0 = Debug|Any CPU
		{49902E54-E97D-4E6E-A04E-FFAB3A244EBF}.Debug|x86.ActiveCfg = Debug|Any CPU
		{49902E54-E97D-4E6E-A04E-FFAB3A244EBF}.Debug|x86.Build.0 = Debug|Any CPU
		{49902E54-E97D-4E6E-A04E-FFAB3A244EBF}.Release|Any CPU.ActiveCfg = Release|Any CPU
		{49902E54-E97D-4E6E-A04E-FFAB3A244EBF}.Release|Any CPU.Build.0 = Release|Any CPU
		{49902E54-E97D-4E6E-A04E-FFAB3A244EBF}.Release|ARM.ActiveCfg = Release|Any CPU
		{49902E54-E97D-4E6E-A04E-FFAB3A244EBF}.Release|ARM.Build.0 = Release|Any CPU
		{49902E54-E97D-4E6E-A04E-FFAB3A244EBF}.Release|ARM64.ActiveCfg = Release|Any CPU
		{49902E54-E97D-4E6E-A04E-FFAB3A244EBF}.Release|ARM64.Build.0 = Release|Any CPU
		{49902E54-E97D-4E6E-A04E-FFAB3A244EBF}.Release|iPhone.ActiveCfg = Release|Any CPU
		{49902E54-E97D-4E6E-A04E-FFAB3A244EBF}.Release|iPhone.Build.0 = Release|Any CPU
		{49902E54-E97D-4E6E-A04E-FFAB3A244EBF}.Release|iPhoneSimulator.ActiveCfg = Release|Any CPU
		{49902E54-E97D-4E6E-A04E-FFAB3A244EBF}.Release|iPhoneSimulator.Build.0 = Release|Any CPU
		{49902E54-E97D-4E6E-A04E-FFAB3A244EBF}.Release|x64.ActiveCfg = Release|Any CPU
		{49902E54-E97D-4E6E-A04E-FFAB3A244EBF}.Release|x64.Build.0 = Release|Any CPU
		{49902E54-E97D-4E6E-A04E-FFAB3A244EBF}.Release|x86.ActiveCfg = Release|Any CPU
		{49902E54-E97D-4E6E-A04E-FFAB3A244EBF}.Release|x86.Build.0 = Release|Any CPU
		{28013735-A7F9-4B0A-A918-EF0EDDEBDF47}.Ad-Hoc|Any CPU.ActiveCfg = Debug|iPhoneSimulator
		{28013735-A7F9-4B0A-A918-EF0EDDEBDF47}.Ad-Hoc|Any CPU.Build.0 = Debug|iPhoneSimulator
		{28013735-A7F9-4B0A-A918-EF0EDDEBDF47}.Ad-Hoc|ARM.ActiveCfg = Debug|iPhoneSimulator
		{28013735-A7F9-4B0A-A918-EF0EDDEBDF47}.Ad-Hoc|ARM.Build.0 = Debug|iPhoneSimulator
		{28013735-A7F9-4B0A-A918-EF0EDDEBDF47}.Ad-Hoc|ARM64.ActiveCfg = Debug|iPhoneSimulator
		{28013735-A7F9-4B0A-A918-EF0EDDEBDF47}.Ad-Hoc|ARM64.Build.0 = Debug|iPhoneSimulator
		{28013735-A7F9-4B0A-A918-EF0EDDEBDF47}.Ad-Hoc|iPhone.ActiveCfg = Debug|iPhoneSimulator
		{28013735-A7F9-4B0A-A918-EF0EDDEBDF47}.Ad-Hoc|iPhone.Build.0 = Debug|iPhoneSimulator
		{28013735-A7F9-4B0A-A918-EF0EDDEBDF47}.Ad-Hoc|iPhoneSimulator.ActiveCfg = Debug|iPhoneSimulator
		{28013735-A7F9-4B0A-A918-EF0EDDEBDF47}.Ad-Hoc|iPhoneSimulator.Build.0 = Debug|iPhoneSimulator
		{28013735-A7F9-4B0A-A918-EF0EDDEBDF47}.Ad-Hoc|x64.ActiveCfg = Debug|iPhoneSimulator
		{28013735-A7F9-4B0A-A918-EF0EDDEBDF47}.Ad-Hoc|x64.Build.0 = Debug|iPhoneSimulator
		{28013735-A7F9-4B0A-A918-EF0EDDEBDF47}.Ad-Hoc|x86.ActiveCfg = Debug|iPhoneSimulator
		{28013735-A7F9-4B0A-A918-EF0EDDEBDF47}.Ad-Hoc|x86.Build.0 = Debug|iPhoneSimulator
		{28013735-A7F9-4B0A-A918-EF0EDDEBDF47}.AppStore|Any CPU.ActiveCfg = Debug|iPhoneSimulator
		{28013735-A7F9-4B0A-A918-EF0EDDEBDF47}.AppStore|Any CPU.Build.0 = Debug|iPhoneSimulator
		{28013735-A7F9-4B0A-A918-EF0EDDEBDF47}.AppStore|ARM.ActiveCfg = Debug|iPhoneSimulator
		{28013735-A7F9-4B0A-A918-EF0EDDEBDF47}.AppStore|ARM.Build.0 = Debug|iPhoneSimulator
		{28013735-A7F9-4B0A-A918-EF0EDDEBDF47}.AppStore|ARM64.ActiveCfg = Debug|iPhoneSimulator
		{28013735-A7F9-4B0A-A918-EF0EDDEBDF47}.AppStore|ARM64.Build.0 = Debug|iPhoneSimulator
		{28013735-A7F9-4B0A-A918-EF0EDDEBDF47}.AppStore|iPhone.ActiveCfg = Debug|iPhoneSimulator
		{28013735-A7F9-4B0A-A918-EF0EDDEBDF47}.AppStore|iPhone.Build.0 = Debug|iPhoneSimulator
		{28013735-A7F9-4B0A-A918-EF0EDDEBDF47}.AppStore|iPhoneSimulator.ActiveCfg = Debug|iPhoneSimulator
		{28013735-A7F9-4B0A-A918-EF0EDDEBDF47}.AppStore|iPhoneSimulator.Build.0 = Debug|iPhoneSimulator
		{28013735-A7F9-4B0A-A918-EF0EDDEBDF47}.AppStore|x64.ActiveCfg = Debug|iPhoneSimulator
		{28013735-A7F9-4B0A-A918-EF0EDDEBDF47}.AppStore|x64.Build.0 = Debug|iPhoneSimulator
		{28013735-A7F9-4B0A-A918-EF0EDDEBDF47}.AppStore|x86.ActiveCfg = Debug|iPhoneSimulator
		{28013735-A7F9-4B0A-A918-EF0EDDEBDF47}.AppStore|x86.Build.0 = Debug|iPhoneSimulator
		{28013735-A7F9-4B0A-A918-EF0EDDEBDF47}.Debug|Any CPU.ActiveCfg = Debug|iPhoneSimulator
		{28013735-A7F9-4B0A-A918-EF0EDDEBDF47}.Debug|Any CPU.Build.0 = Debug|iPhoneSimulator
		{28013735-A7F9-4B0A-A918-EF0EDDEBDF47}.Debug|ARM.ActiveCfg = Debug|iPhoneSimulator
		{28013735-A7F9-4B0A-A918-EF0EDDEBDF47}.Debug|ARM.Build.0 = Debug|iPhoneSimulator
		{28013735-A7F9-4B0A-A918-EF0EDDEBDF47}.Debug|ARM64.ActiveCfg = Debug|iPhoneSimulator
		{28013735-A7F9-4B0A-A918-EF0EDDEBDF47}.Debug|ARM64.Build.0 = Debug|iPhoneSimulator
		{28013735-A7F9-4B0A-A918-EF0EDDEBDF47}.Debug|iPhone.ActiveCfg = Debug|iPhoneSimulator
		{28013735-A7F9-4B0A-A918-EF0EDDEBDF47}.Debug|iPhone.Build.0 = Debug|iPhoneSimulator
		{28013735-A7F9-4B0A-A918-EF0EDDEBDF47}.Debug|iPhoneSimulator.ActiveCfg = Debug|iPhoneSimulator
		{28013735-A7F9-4B0A-A918-EF0EDDEBDF47}.Debug|iPhoneSimulator.Build.0 = Debug|iPhoneSimulator
		{28013735-A7F9-4B0A-A918-EF0EDDEBDF47}.Debug|x64.ActiveCfg = Debug|iPhoneSimulator
		{28013735-A7F9-4B0A-A918-EF0EDDEBDF47}.Debug|x64.Build.0 = Debug|iPhoneSimulator
		{28013735-A7F9-4B0A-A918-EF0EDDEBDF47}.Debug|x86.ActiveCfg = Debug|iPhoneSimulator
		{28013735-A7F9-4B0A-A918-EF0EDDEBDF47}.Debug|x86.Build.0 = Debug|iPhoneSimulator
		{28013735-A7F9-4B0A-A918-EF0EDDEBDF47}.Release|Any CPU.ActiveCfg = Release|iPhoneSimulator
		{28013735-A7F9-4B0A-A918-EF0EDDEBDF47}.Release|Any CPU.Build.0 = Release|iPhoneSimulator
		{28013735-A7F9-4B0A-A918-EF0EDDEBDF47}.Release|ARM.ActiveCfg = Release|iPhoneSimulator
		{28013735-A7F9-4B0A-A918-EF0EDDEBDF47}.Release|ARM.Build.0 = Release|iPhoneSimulator
		{28013735-A7F9-4B0A-A918-EF0EDDEBDF47}.Release|ARM64.ActiveCfg = Release|iPhoneSimulator
		{28013735-A7F9-4B0A-A918-EF0EDDEBDF47}.Release|ARM64.Build.0 = Release|iPhoneSimulator
		{28013735-A7F9-4B0A-A918-EF0EDDEBDF47}.Release|iPhone.ActiveCfg = Release|iPhoneSimulator
		{28013735-A7F9-4B0A-A918-EF0EDDEBDF47}.Release|iPhone.Build.0 = Release|iPhoneSimulator
		{28013735-A7F9-4B0A-A918-EF0EDDEBDF47}.Release|iPhoneSimulator.ActiveCfg = Release|iPhoneSimulator
		{28013735-A7F9-4B0A-A918-EF0EDDEBDF47}.Release|iPhoneSimulator.Build.0 = Release|iPhoneSimulator
		{28013735-A7F9-4B0A-A918-EF0EDDEBDF47}.Release|x64.ActiveCfg = Release|iPhoneSimulator
		{28013735-A7F9-4B0A-A918-EF0EDDEBDF47}.Release|x64.Build.0 = Release|iPhoneSimulator
		{28013735-A7F9-4B0A-A918-EF0EDDEBDF47}.Release|x86.ActiveCfg = Release|iPhoneSimulator
		{28013735-A7F9-4B0A-A918-EF0EDDEBDF47}.Release|x86.Build.0 = Release|iPhoneSimulator
		{A5044A9B-AA5A-4D1C-927B-FF9A4BB76C26}.Ad-Hoc|Any CPU.ActiveCfg = Debug|Any CPU
		{A5044A9B-AA5A-4D1C-927B-FF9A4BB76C26}.Ad-Hoc|Any CPU.Build.0 = Debug|Any CPU
		{A5044A9B-AA5A-4D1C-927B-FF9A4BB76C26}.Ad-Hoc|ARM.ActiveCfg = Debug|Any CPU
		{A5044A9B-AA5A-4D1C-927B-FF9A4BB76C26}.Ad-Hoc|ARM.Build.0 = Debug|Any CPU
		{A5044A9B-AA5A-4D1C-927B-FF9A4BB76C26}.Ad-Hoc|ARM64.ActiveCfg = Debug|Any CPU
		{A5044A9B-AA5A-4D1C-927B-FF9A4BB76C26}.Ad-Hoc|ARM64.Build.0 = Debug|Any CPU
		{A5044A9B-AA5A-4D1C-927B-FF9A4BB76C26}.Ad-Hoc|iPhone.ActiveCfg = Debug|Any CPU
		{A5044A9B-AA5A-4D1C-927B-FF9A4BB76C26}.Ad-Hoc|iPhone.Build.0 = Debug|Any CPU
		{A5044A9B-AA5A-4D1C-927B-FF9A4BB76C26}.Ad-Hoc|iPhoneSimulator.ActiveCfg = Debug|Any CPU
		{A5044A9B-AA5A-4D1C-927B-FF9A4BB76C26}.Ad-Hoc|iPhoneSimulator.Build.0 = Debug|Any CPU
		{A5044A9B-AA5A-4D1C-927B-FF9A4BB76C26}.Ad-Hoc|x64.ActiveCfg = Debug|Any CPU
		{A5044A9B-AA5A-4D1C-927B-FF9A4BB76C26}.Ad-Hoc|x64.Build.0 = Debug|Any CPU
		{A5044A9B-AA5A-4D1C-927B-FF9A4BB76C26}.Ad-Hoc|x86.ActiveCfg = Debug|Any CPU
		{A5044A9B-AA5A-4D1C-927B-FF9A4BB76C26}.Ad-Hoc|x86.Build.0 = Debug|Any CPU
		{A5044A9B-AA5A-4D1C-927B-FF9A4BB76C26}.AppStore|Any CPU.ActiveCfg = Debug|Any CPU
		{A5044A9B-AA5A-4D1C-927B-FF9A4BB76C26}.AppStore|Any CPU.Build.0 = Debug|Any CPU
		{A5044A9B-AA5A-4D1C-927B-FF9A4BB76C26}.AppStore|ARM.ActiveCfg = Debug|Any CPU
		{A5044A9B-AA5A-4D1C-927B-FF9A4BB76C26}.AppStore|ARM.Build.0 = Debug|Any CPU
		{A5044A9B-AA5A-4D1C-927B-FF9A4BB76C26}.AppStore|ARM64.ActiveCfg = Debug|Any CPU
		{A5044A9B-AA5A-4D1C-927B-FF9A4BB76C26}.AppStore|ARM64.Build.0 = Debug|Any CPU
		{A5044A9B-AA5A-4D1C-927B-FF9A4BB76C26}.AppStore|iPhone.ActiveCfg = Debug|Any CPU
		{A5044A9B-AA5A-4D1C-927B-FF9A4BB76C26}.AppStore|iPhone.Build.0 = Debug|Any CPU
		{A5044A9B-AA5A-4D1C-927B-FF9A4BB76C26}.AppStore|iPhoneSimulator.ActiveCfg = Debug|Any CPU
		{A5044A9B-AA5A-4D1C-927B-FF9A4BB76C26}.AppStore|iPhoneSimulator.Build.0 = Debug|Any CPU
		{A5044A9B-AA5A-4D1C-927B-FF9A4BB76C26}.AppStore|x64.ActiveCfg = Debug|Any CPU
		{A5044A9B-AA5A-4D1C-927B-FF9A4BB76C26}.AppStore|x64.Build.0 = Debug|Any CPU
		{A5044A9B-AA5A-4D1C-927B-FF9A4BB76C26}.AppStore|x86.ActiveCfg = Debug|Any CPU
		{A5044A9B-AA5A-4D1C-927B-FF9A4BB76C26}.AppStore|x86.Build.0 = Debug|Any CPU
		{A5044A9B-AA5A-4D1C-927B-FF9A4BB76C26}.Debug|Any CPU.ActiveCfg = Debug|Any CPU
		{A5044A9B-AA5A-4D1C-927B-FF9A4BB76C26}.Debug|Any CPU.Build.0 = Debug|Any CPU
		{A5044A9B-AA5A-4D1C-927B-FF9A4BB76C26}.Debug|ARM.ActiveCfg = Debug|Any CPU
		{A5044A9B-AA5A-4D1C-927B-FF9A4BB76C26}.Debug|ARM.Build.0 = Debug|Any CPU
		{A5044A9B-AA5A-4D1C-927B-FF9A4BB76C26}.Debug|ARM64.ActiveCfg = Debug|Any CPU
		{A5044A9B-AA5A-4D1C-927B-FF9A4BB76C26}.Debug|ARM64.Build.0 = Debug|Any CPU
		{A5044A9B-AA5A-4D1C-927B-FF9A4BB76C26}.Debug|iPhone.ActiveCfg = Debug|Any CPU
		{A5044A9B-AA5A-4D1C-927B-FF9A4BB76C26}.Debug|iPhone.Build.0 = Debug|Any CPU
		{A5044A9B-AA5A-4D1C-927B-FF9A4BB76C26}.Debug|iPhoneSimulator.ActiveCfg = Debug|Any CPU
		{A5044A9B-AA5A-4D1C-927B-FF9A4BB76C26}.Debug|iPhoneSimulator.Build.0 = Debug|Any CPU
		{A5044A9B-AA5A-4D1C-927B-FF9A4BB76C26}.Debug|x64.ActiveCfg = Debug|Any CPU
		{A5044A9B-AA5A-4D1C-927B-FF9A4BB76C26}.Debug|x64.Build.0 = Debug|Any CPU
		{A5044A9B-AA5A-4D1C-927B-FF9A4BB76C26}.Debug|x86.ActiveCfg = Debug|Any CPU
		{A5044A9B-AA5A-4D1C-927B-FF9A4BB76C26}.Debug|x86.Build.0 = Debug|Any CPU
		{A5044A9B-AA5A-4D1C-927B-FF9A4BB76C26}.Release|Any CPU.ActiveCfg = Release|Any CPU
		{A5044A9B-AA5A-4D1C-927B-FF9A4BB76C26}.Release|Any CPU.Build.0 = Release|Any CPU
		{A5044A9B-AA5A-4D1C-927B-FF9A4BB76C26}.Release|ARM.ActiveCfg = Release|Any CPU
		{A5044A9B-AA5A-4D1C-927B-FF9A4BB76C26}.Release|ARM.Build.0 = Release|Any CPU
		{A5044A9B-AA5A-4D1C-927B-FF9A4BB76C26}.Release|ARM64.ActiveCfg = Release|Any CPU
		{A5044A9B-AA5A-4D1C-927B-FF9A4BB76C26}.Release|ARM64.Build.0 = Release|Any CPU
		{A5044A9B-AA5A-4D1C-927B-FF9A4BB76C26}.Release|iPhone.ActiveCfg = Release|Any CPU
		{A5044A9B-AA5A-4D1C-927B-FF9A4BB76C26}.Release|iPhone.Build.0 = Release|Any CPU
		{A5044A9B-AA5A-4D1C-927B-FF9A4BB76C26}.Release|iPhoneSimulator.ActiveCfg = Release|Any CPU
		{A5044A9B-AA5A-4D1C-927B-FF9A4BB76C26}.Release|iPhoneSimulator.Build.0 = Release|Any CPU
		{A5044A9B-AA5A-4D1C-927B-FF9A4BB76C26}.Release|x64.ActiveCfg = Release|Any CPU
		{A5044A9B-AA5A-4D1C-927B-FF9A4BB76C26}.Release|x64.Build.0 = Release|Any CPU
		{A5044A9B-AA5A-4D1C-927B-FF9A4BB76C26}.Release|x86.ActiveCfg = Release|Any CPU
		{A5044A9B-AA5A-4D1C-927B-FF9A4BB76C26}.Release|x86.Build.0 = Release|Any CPU
		{01E6B9C8-137E-4077-9ECF-25628C9C94DC}.Ad-Hoc|Any CPU.ActiveCfg = Debug|Any CPU
		{01E6B9C8-137E-4077-9ECF-25628C9C94DC}.Ad-Hoc|Any CPU.Build.0 = Debug|Any CPU
		{01E6B9C8-137E-4077-9ECF-25628C9C94DC}.Ad-Hoc|ARM.ActiveCfg = Debug|Any CPU
		{01E6B9C8-137E-4077-9ECF-25628C9C94DC}.Ad-Hoc|ARM.Build.0 = Debug|Any CPU
		{01E6B9C8-137E-4077-9ECF-25628C9C94DC}.Ad-Hoc|ARM64.ActiveCfg = Debug|Any CPU
		{01E6B9C8-137E-4077-9ECF-25628C9C94DC}.Ad-Hoc|ARM64.Build.0 = Debug|Any CPU
		{01E6B9C8-137E-4077-9ECF-25628C9C94DC}.Ad-Hoc|iPhone.ActiveCfg = Debug|Any CPU
		{01E6B9C8-137E-4077-9ECF-25628C9C94DC}.Ad-Hoc|iPhone.Build.0 = Debug|Any CPU
		{01E6B9C8-137E-4077-9ECF-25628C9C94DC}.Ad-Hoc|iPhoneSimulator.ActiveCfg = Debug|Any CPU
		{01E6B9C8-137E-4077-9ECF-25628C9C94DC}.Ad-Hoc|iPhoneSimulator.Build.0 = Debug|Any CPU
		{01E6B9C8-137E-4077-9ECF-25628C9C94DC}.Ad-Hoc|x64.ActiveCfg = Debug|Any CPU
		{01E6B9C8-137E-4077-9ECF-25628C9C94DC}.Ad-Hoc|x64.Build.0 = Debug|Any CPU
		{01E6B9C8-137E-4077-9ECF-25628C9C94DC}.Ad-Hoc|x86.ActiveCfg = Debug|Any CPU
		{01E6B9C8-137E-4077-9ECF-25628C9C94DC}.Ad-Hoc|x86.Build.0 = Debug|Any CPU
		{01E6B9C8-137E-4077-9ECF-25628C9C94DC}.AppStore|Any CPU.ActiveCfg = Debug|Any CPU
		{01E6B9C8-137E-4077-9ECF-25628C9C94DC}.AppStore|Any CPU.Build.0 = Debug|Any CPU
		{01E6B9C8-137E-4077-9ECF-25628C9C94DC}.AppStore|ARM.ActiveCfg = Debug|Any CPU
		{01E6B9C8-137E-4077-9ECF-25628C9C94DC}.AppStore|ARM.Build.0 = Debug|Any CPU
		{01E6B9C8-137E-4077-9ECF-25628C9C94DC}.AppStore|ARM64.ActiveCfg = Debug|Any CPU
		{01E6B9C8-137E-4077-9ECF-25628C9C94DC}.AppStore|ARM64.Build.0 = Debug|Any CPU
		{01E6B9C8-137E-4077-9ECF-25628C9C94DC}.AppStore|iPhone.ActiveCfg = Debug|Any CPU
		{01E6B9C8-137E-4077-9ECF-25628C9C94DC}.AppStore|iPhone.Build.0 = Debug|Any CPU
		{01E6B9C8-137E-4077-9ECF-25628C9C94DC}.AppStore|iPhoneSimulator.ActiveCfg = Debug|Any CPU
		{01E6B9C8-137E-4077-9ECF-25628C9C94DC}.AppStore|iPhoneSimulator.Build.0 = Debug|Any CPU
		{01E6B9C8-137E-4077-9ECF-25628C9C94DC}.AppStore|x64.ActiveCfg = Debug|Any CPU
		{01E6B9C8-137E-4077-9ECF-25628C9C94DC}.AppStore|x64.Build.0 = Debug|Any CPU
		{01E6B9C8-137E-4077-9ECF-25628C9C94DC}.AppStore|x86.ActiveCfg = Debug|Any CPU
		{01E6B9C8-137E-4077-9ECF-25628C9C94DC}.AppStore|x86.Build.0 = Debug|Any CPU
		{01E6B9C8-137E-4077-9ECF-25628C9C94DC}.Debug|Any CPU.ActiveCfg = Debug|Any CPU
		{01E6B9C8-137E-4077-9ECF-25628C9C94DC}.Debug|Any CPU.Build.0 = Debug|Any CPU
		{01E6B9C8-137E-4077-9ECF-25628C9C94DC}.Debug|ARM.ActiveCfg = Debug|Any CPU
		{01E6B9C8-137E-4077-9ECF-25628C9C94DC}.Debug|ARM.Build.0 = Debug|Any CPU
		{01E6B9C8-137E-4077-9ECF-25628C9C94DC}.Debug|ARM64.ActiveCfg = Debug|Any CPU
		{01E6B9C8-137E-4077-9ECF-25628C9C94DC}.Debug|ARM64.Build.0 = Debug|Any CPU
		{01E6B9C8-137E-4077-9ECF-25628C9C94DC}.Debug|iPhone.ActiveCfg = Debug|Any CPU
		{01E6B9C8-137E-4077-9ECF-25628C9C94DC}.Debug|iPhone.Build.0 = Debug|Any CPU
		{01E6B9C8-137E-4077-9ECF-25628C9C94DC}.Debug|iPhoneSimulator.ActiveCfg = Debug|Any CPU
		{01E6B9C8-137E-4077-9ECF-25628C9C94DC}.Debug|iPhoneSimulator.Build.0 = Debug|Any CPU
		{01E6B9C8-137E-4077-9ECF-25628C9C94DC}.Debug|x64.ActiveCfg = Debug|Any CPU
		{01E6B9C8-137E-4077-9ECF-25628C9C94DC}.Debug|x64.Build.0 = Debug|Any CPU
		{01E6B9C8-137E-4077-9ECF-25628C9C94DC}.Debug|x86.ActiveCfg = Debug|Any CPU
		{01E6B9C8-137E-4077-9ECF-25628C9C94DC}.Debug|x86.Build.0 = Debug|Any CPU
		{01E6B9C8-137E-4077-9ECF-25628C9C94DC}.Release|Any CPU.ActiveCfg = Release|Any CPU
		{01E6B9C8-137E-4077-9ECF-25628C9C94DC}.Release|Any CPU.Build.0 = Release|Any CPU
		{01E6B9C8-137E-4077-9ECF-25628C9C94DC}.Release|ARM.ActiveCfg = Release|Any CPU
		{01E6B9C8-137E-4077-9ECF-25628C9C94DC}.Release|ARM.Build.0 = Release|Any CPU
		{01E6B9C8-137E-4077-9ECF-25628C9C94DC}.Release|ARM64.ActiveCfg = Release|Any CPU
		{01E6B9C8-137E-4077-9ECF-25628C9C94DC}.Release|ARM64.Build.0 = Release|Any CPU
		{01E6B9C8-137E-4077-9ECF-25628C9C94DC}.Release|iPhone.ActiveCfg = Release|Any CPU
		{01E6B9C8-137E-4077-9ECF-25628C9C94DC}.Release|iPhone.Build.0 = Release|Any CPU
		{01E6B9C8-137E-4077-9ECF-25628C9C94DC}.Release|iPhoneSimulator.ActiveCfg = Release|Any CPU
		{01E6B9C8-137E-4077-9ECF-25628C9C94DC}.Release|iPhoneSimulator.Build.0 = Release|Any CPU
		{01E6B9C8-137E-4077-9ECF-25628C9C94DC}.Release|x64.ActiveCfg = Release|Any CPU
		{01E6B9C8-137E-4077-9ECF-25628C9C94DC}.Release|x64.Build.0 = Release|Any CPU
		{01E6B9C8-137E-4077-9ECF-25628C9C94DC}.Release|x86.ActiveCfg = Release|Any CPU
		{01E6B9C8-137E-4077-9ECF-25628C9C94DC}.Release|x86.Build.0 = Release|Any CPU
		{B256AF82-0A60-4F46-A9F4-726B2FB437D1}.Ad-Hoc|Any CPU.ActiveCfg = Debug|Any CPU
		{B256AF82-0A60-4F46-A9F4-726B2FB437D1}.Ad-Hoc|Any CPU.Build.0 = Debug|Any CPU
		{B256AF82-0A60-4F46-A9F4-726B2FB437D1}.Ad-Hoc|ARM.ActiveCfg = Debug|Any CPU
		{B256AF82-0A60-4F46-A9F4-726B2FB437D1}.Ad-Hoc|ARM.Build.0 = Debug|Any CPU
		{B256AF82-0A60-4F46-A9F4-726B2FB437D1}.Ad-Hoc|ARM64.ActiveCfg = Debug|Any CPU
		{B256AF82-0A60-4F46-A9F4-726B2FB437D1}.Ad-Hoc|ARM64.Build.0 = Debug|Any CPU
		{B256AF82-0A60-4F46-A9F4-726B2FB437D1}.Ad-Hoc|iPhone.ActiveCfg = Debug|Any CPU
		{B256AF82-0A60-4F46-A9F4-726B2FB437D1}.Ad-Hoc|iPhone.Build.0 = Debug|Any CPU
		{B256AF82-0A60-4F46-A9F4-726B2FB437D1}.Ad-Hoc|iPhoneSimulator.ActiveCfg = Debug|Any CPU
		{B256AF82-0A60-4F46-A9F4-726B2FB437D1}.Ad-Hoc|iPhoneSimulator.Build.0 = Debug|Any CPU
		{B256AF82-0A60-4F46-A9F4-726B2FB437D1}.Ad-Hoc|x64.ActiveCfg = Debug|Any CPU
		{B256AF82-0A60-4F46-A9F4-726B2FB437D1}.Ad-Hoc|x64.Build.0 = Debug|Any CPU
		{B256AF82-0A60-4F46-A9F4-726B2FB437D1}.Ad-Hoc|x86.ActiveCfg = Debug|Any CPU
		{B256AF82-0A60-4F46-A9F4-726B2FB437D1}.Ad-Hoc|x86.Build.0 = Debug|Any CPU
		{B256AF82-0A60-4F46-A9F4-726B2FB437D1}.AppStore|Any CPU.ActiveCfg = Debug|Any CPU
		{B256AF82-0A60-4F46-A9F4-726B2FB437D1}.AppStore|Any CPU.Build.0 = Debug|Any CPU
		{B256AF82-0A60-4F46-A9F4-726B2FB437D1}.AppStore|ARM.ActiveCfg = Debug|Any CPU
		{B256AF82-0A60-4F46-A9F4-726B2FB437D1}.AppStore|ARM.Build.0 = Debug|Any CPU
		{B256AF82-0A60-4F46-A9F4-726B2FB437D1}.AppStore|ARM64.ActiveCfg = Debug|Any CPU
		{B256AF82-0A60-4F46-A9F4-726B2FB437D1}.AppStore|ARM64.Build.0 = Debug|Any CPU
		{B256AF82-0A60-4F46-A9F4-726B2FB437D1}.AppStore|iPhone.ActiveCfg = Debug|Any CPU
		{B256AF82-0A60-4F46-A9F4-726B2FB437D1}.AppStore|iPhone.Build.0 = Debug|Any CPU
		{B256AF82-0A60-4F46-A9F4-726B2FB437D1}.AppStore|iPhoneSimulator.ActiveCfg = Debug|Any CPU
		{B256AF82-0A60-4F46-A9F4-726B2FB437D1}.AppStore|iPhoneSimulator.Build.0 = Debug|Any CPU
		{B256AF82-0A60-4F46-A9F4-726B2FB437D1}.AppStore|x64.ActiveCfg = Debug|Any CPU
		{B256AF82-0A60-4F46-A9F4-726B2FB437D1}.AppStore|x64.Build.0 = Debug|Any CPU
		{B256AF82-0A60-4F46-A9F4-726B2FB437D1}.AppStore|x86.ActiveCfg = Debug|Any CPU
		{B256AF82-0A60-4F46-A9F4-726B2FB437D1}.AppStore|x86.Build.0 = Debug|Any CPU
		{B256AF82-0A60-4F46-A9F4-726B2FB437D1}.Debug|Any CPU.ActiveCfg = Debug|Any CPU
		{B256AF82-0A60-4F46-A9F4-726B2FB437D1}.Debug|Any CPU.Build.0 = Debug|Any CPU
		{B256AF82-0A60-4F46-A9F4-726B2FB437D1}.Debug|ARM.ActiveCfg = Debug|Any CPU
		{B256AF82-0A60-4F46-A9F4-726B2FB437D1}.Debug|ARM.Build.0 = Debug|Any CPU
		{B256AF82-0A60-4F46-A9F4-726B2FB437D1}.Debug|ARM64.ActiveCfg = Debug|Any CPU
		{B256AF82-0A60-4F46-A9F4-726B2FB437D1}.Debug|ARM64.Build.0 = Debug|Any CPU
		{B256AF82-0A60-4F46-A9F4-726B2FB437D1}.Debug|iPhone.ActiveCfg = Debug|Any CPU
		{B256AF82-0A60-4F46-A9F4-726B2FB437D1}.Debug|iPhone.Build.0 = Debug|Any CPU
		{B256AF82-0A60-4F46-A9F4-726B2FB437D1}.Debug|iPhoneSimulator.ActiveCfg = Debug|Any CPU
		{B256AF82-0A60-4F46-A9F4-726B2FB437D1}.Debug|iPhoneSimulator.Build.0 = Debug|Any CPU
		{B256AF82-0A60-4F46-A9F4-726B2FB437D1}.Debug|x64.ActiveCfg = Debug|Any CPU
		{B256AF82-0A60-4F46-A9F4-726B2FB437D1}.Debug|x64.Build.0 = Debug|Any CPU
		{B256AF82-0A60-4F46-A9F4-726B2FB437D1}.Debug|x86.ActiveCfg = Debug|Any CPU
		{B256AF82-0A60-4F46-A9F4-726B2FB437D1}.Debug|x86.Build.0 = Debug|Any CPU
		{B256AF82-0A60-4F46-A9F4-726B2FB437D1}.Release|Any CPU.ActiveCfg = Release|Any CPU
		{B256AF82-0A60-4F46-A9F4-726B2FB437D1}.Release|Any CPU.Build.0 = Release|Any CPU
		{B256AF82-0A60-4F46-A9F4-726B2FB437D1}.Release|ARM.ActiveCfg = Release|Any CPU
		{B256AF82-0A60-4F46-A9F4-726B2FB437D1}.Release|ARM.Build.0 = Release|Any CPU
		{B256AF82-0A60-4F46-A9F4-726B2FB437D1}.Release|ARM64.ActiveCfg = Release|Any CPU
		{B256AF82-0A60-4F46-A9F4-726B2FB437D1}.Release|ARM64.Build.0 = Release|Any CPU
		{B256AF82-0A60-4F46-A9F4-726B2FB437D1}.Release|iPhone.ActiveCfg = Release|Any CPU
		{B256AF82-0A60-4F46-A9F4-726B2FB437D1}.Release|iPhone.Build.0 = Release|Any CPU
		{B256AF82-0A60-4F46-A9F4-726B2FB437D1}.Release|iPhoneSimulator.ActiveCfg = Release|Any CPU
		{B256AF82-0A60-4F46-A9F4-726B2FB437D1}.Release|iPhoneSimulator.Build.0 = Release|Any CPU
		{B256AF82-0A60-4F46-A9F4-726B2FB437D1}.Release|x64.ActiveCfg = Release|Any CPU
		{B256AF82-0A60-4F46-A9F4-726B2FB437D1}.Release|x64.Build.0 = Release|Any CPU
		{B256AF82-0A60-4F46-A9F4-726B2FB437D1}.Release|x86.ActiveCfg = Release|Any CPU
		{B256AF82-0A60-4F46-A9F4-726B2FB437D1}.Release|x86.Build.0 = Release|Any CPU
		{A331314A-005C-45B8-942F-9E0D84BB0BCA}.Ad-Hoc|Any CPU.ActiveCfg = Debug|Any CPU
		{A331314A-005C-45B8-942F-9E0D84BB0BCA}.Ad-Hoc|Any CPU.Build.0 = Debug|Any CPU
		{A331314A-005C-45B8-942F-9E0D84BB0BCA}.Ad-Hoc|ARM.ActiveCfg = Debug|Any CPU
		{A331314A-005C-45B8-942F-9E0D84BB0BCA}.Ad-Hoc|ARM.Build.0 = Debug|Any CPU
		{A331314A-005C-45B8-942F-9E0D84BB0BCA}.Ad-Hoc|ARM64.ActiveCfg = Debug|Any CPU
		{A331314A-005C-45B8-942F-9E0D84BB0BCA}.Ad-Hoc|ARM64.Build.0 = Debug|Any CPU
		{A331314A-005C-45B8-942F-9E0D84BB0BCA}.Ad-Hoc|iPhone.ActiveCfg = Debug|Any CPU
		{A331314A-005C-45B8-942F-9E0D84BB0BCA}.Ad-Hoc|iPhone.Build.0 = Debug|Any CPU
		{A331314A-005C-45B8-942F-9E0D84BB0BCA}.Ad-Hoc|iPhoneSimulator.ActiveCfg = Debug|Any CPU
		{A331314A-005C-45B8-942F-9E0D84BB0BCA}.Ad-Hoc|iPhoneSimulator.Build.0 = Debug|Any CPU
		{A331314A-005C-45B8-942F-9E0D84BB0BCA}.Ad-Hoc|x64.ActiveCfg = Debug|Any CPU
		{A331314A-005C-45B8-942F-9E0D84BB0BCA}.Ad-Hoc|x64.Build.0 = Debug|Any CPU
		{A331314A-005C-45B8-942F-9E0D84BB0BCA}.Ad-Hoc|x86.ActiveCfg = Debug|Any CPU
		{A331314A-005C-45B8-942F-9E0D84BB0BCA}.Ad-Hoc|x86.Build.0 = Debug|Any CPU
		{A331314A-005C-45B8-942F-9E0D84BB0BCA}.AppStore|Any CPU.ActiveCfg = Debug|Any CPU
		{A331314A-005C-45B8-942F-9E0D84BB0BCA}.AppStore|Any CPU.Build.0 = Debug|Any CPU
		{A331314A-005C-45B8-942F-9E0D84BB0BCA}.AppStore|ARM.ActiveCfg = Debug|Any CPU
		{A331314A-005C-45B8-942F-9E0D84BB0BCA}.AppStore|ARM.Build.0 = Debug|Any CPU
		{A331314A-005C-45B8-942F-9E0D84BB0BCA}.AppStore|ARM64.ActiveCfg = Debug|Any CPU
		{A331314A-005C-45B8-942F-9E0D84BB0BCA}.AppStore|ARM64.Build.0 = Debug|Any CPU
		{A331314A-005C-45B8-942F-9E0D84BB0BCA}.AppStore|iPhone.ActiveCfg = Debug|Any CPU
		{A331314A-005C-45B8-942F-9E0D84BB0BCA}.AppStore|iPhone.Build.0 = Debug|Any CPU
		{A331314A-005C-45B8-942F-9E0D84BB0BCA}.AppStore|iPhoneSimulator.ActiveCfg = Debug|Any CPU
		{A331314A-005C-45B8-942F-9E0D84BB0BCA}.AppStore|iPhoneSimulator.Build.0 = Debug|Any CPU
		{A331314A-005C-45B8-942F-9E0D84BB0BCA}.AppStore|x64.ActiveCfg = Debug|Any CPU
		{A331314A-005C-45B8-942F-9E0D84BB0BCA}.AppStore|x64.Build.0 = Debug|Any CPU
		{A331314A-005C-45B8-942F-9E0D84BB0BCA}.AppStore|x86.ActiveCfg = Debug|Any CPU
		{A331314A-005C-45B8-942F-9E0D84BB0BCA}.AppStore|x86.Build.0 = Debug|Any CPU
		{A331314A-005C-45B8-942F-9E0D84BB0BCA}.Debug|Any CPU.ActiveCfg = Debug|Any CPU
		{A331314A-005C-45B8-942F-9E0D84BB0BCA}.Debug|Any CPU.Build.0 = Debug|Any CPU
		{A331314A-005C-45B8-942F-9E0D84BB0BCA}.Debug|ARM.ActiveCfg = Debug|Any CPU
		{A331314A-005C-45B8-942F-9E0D84BB0BCA}.Debug|ARM.Build.0 = Debug|Any CPU
		{A331314A-005C-45B8-942F-9E0D84BB0BCA}.Debug|ARM64.ActiveCfg = Debug|Any CPU
		{A331314A-005C-45B8-942F-9E0D84BB0BCA}.Debug|ARM64.Build.0 = Debug|Any CPU
		{A331314A-005C-45B8-942F-9E0D84BB0BCA}.Debug|iPhone.ActiveCfg = Debug|Any CPU
		{A331314A-005C-45B8-942F-9E0D84BB0BCA}.Debug|iPhone.Build.0 = Debug|Any CPU
		{A331314A-005C-45B8-942F-9E0D84BB0BCA}.Debug|iPhoneSimulator.ActiveCfg = Debug|Any CPU
		{A331314A-005C-45B8-942F-9E0D84BB0BCA}.Debug|iPhoneSimulator.Build.0 = Debug|Any CPU
		{A331314A-005C-45B8-942F-9E0D84BB0BCA}.Debug|x64.ActiveCfg = Debug|Any CPU
		{A331314A-005C-45B8-942F-9E0D84BB0BCA}.Debug|x64.Build.0 = Debug|Any CPU
		{A331314A-005C-45B8-942F-9E0D84BB0BCA}.Debug|x86.ActiveCfg = Debug|Any CPU
		{A331314A-005C-45B8-942F-9E0D84BB0BCA}.Debug|x86.Build.0 = Debug|Any CPU
		{A331314A-005C-45B8-942F-9E0D84BB0BCA}.Release|Any CPU.ActiveCfg = Release|Any CPU
		{A331314A-005C-45B8-942F-9E0D84BB0BCA}.Release|Any CPU.Build.0 = Release|Any CPU
		{A331314A-005C-45B8-942F-9E0D84BB0BCA}.Release|ARM.ActiveCfg = Release|Any CPU
		{A331314A-005C-45B8-942F-9E0D84BB0BCA}.Release|ARM.Build.0 = Release|Any CPU
		{A331314A-005C-45B8-942F-9E0D84BB0BCA}.Release|ARM64.ActiveCfg = Release|Any CPU
		{A331314A-005C-45B8-942F-9E0D84BB0BCA}.Release|ARM64.Build.0 = Release|Any CPU
		{A331314A-005C-45B8-942F-9E0D84BB0BCA}.Release|iPhone.ActiveCfg = Release|Any CPU
		{A331314A-005C-45B8-942F-9E0D84BB0BCA}.Release|iPhone.Build.0 = Release|Any CPU
		{A331314A-005C-45B8-942F-9E0D84BB0BCA}.Release|iPhoneSimulator.ActiveCfg = Release|Any CPU
		{A331314A-005C-45B8-942F-9E0D84BB0BCA}.Release|iPhoneSimulator.Build.0 = Release|Any CPU
		{A331314A-005C-45B8-942F-9E0D84BB0BCA}.Release|x64.ActiveCfg = Release|Any CPU
		{A331314A-005C-45B8-942F-9E0D84BB0BCA}.Release|x64.Build.0 = Release|Any CPU
		{A331314A-005C-45B8-942F-9E0D84BB0BCA}.Release|x86.ActiveCfg = Release|Any CPU
		{A331314A-005C-45B8-942F-9E0D84BB0BCA}.Release|x86.Build.0 = Release|Any CPU
	EndGlobalSection
	GlobalSection(SolutionProperties) = preSolution
		HideSolutionNode = FALSE
	EndGlobalSection
	GlobalSection(NestedProjects) = preSolution
		{1DA9FF4C-9B77-4B39-8208-BF381C6C3821} = {F95AB23D-5723-477D-9345-553A1E023875}
		{C4E15D10-DFDA-4245-AA59-9D4EDD293386} = {F95AB23D-5723-477D-9345-553A1E023875}
		{F8BB49E8-BF64-4E4D-8AE7-A319820C0906} = {F95AB23D-5723-477D-9345-553A1E023875}
		{49902E54-E97D-4E6E-A04E-FFAB3A244EBF} = {F95AB23D-5723-477D-9345-553A1E023875}
		{28013735-A7F9-4B0A-A918-EF0EDDEBDF47} = {F95AB23D-5723-477D-9345-553A1E023875}
		{A5044A9B-AA5A-4D1C-927B-FF9A4BB76C26} = {F95AB23D-5723-477D-9345-553A1E023875}
		{01E6B9C8-137E-4077-9ECF-25628C9C94DC} = {F95AB23D-5723-477D-9345-553A1E023875}
		{B256AF82-0A60-4F46-A9F4-726B2FB437D1} = {F95AB23D-5723-477D-9345-553A1E023875}
		{A331314A-005C-45B8-942F-9E0D84BB0BCA} = {F95AB23D-5723-477D-9345-553A1E023875}
	EndGlobalSection
	GlobalSection(ExtensibilityGlobals) = postSolution
		SolutionGuid = {A3258EFD-063B-4623-AB19-AD1E645B1188}
	EndGlobalSection
	GlobalSection(SharedMSBuildProjectFiles) = preSolution
		ScrollIntoView.Shared\ScrollIntoView.Shared.projitems*{01e6b9c8-137e-4077-9ecf-25628c9c94dc}*SharedItemsImports = 5
		ScrollIntoView.Shared\ScrollIntoView.Shared.projitems*{1da9ff4c-9b77-4b39-8208-bf381c6c3821}*SharedItemsImports = 4
		ScrollIntoView.Shared\ScrollIntoView.Shared.projitems*{28013735-a7f9-4b0a-a918-ef0eddebdf47}*SharedItemsImports = 4
		ScrollIntoView.Shared\ScrollIntoView.Shared.projitems*{49902e54-e97d-4e6e-a04e-ffab3a244ebf}*SharedItemsImports = 5
		ScrollIntoView.Shared\ScrollIntoView.Shared.projitems*{6279c845-92f8-4333-ab99-3d213163593c}*SharedItemsImports = 13
		ScrollIntoView.Shared\ScrollIntoView.Shared.projitems*{a331314a-005c-45b8-942f-9e0d84bb0bca}*SharedItemsImports = 5
		ScrollIntoView.Shared\ScrollIntoView.Shared.projitems*{b256af82-0a60-4f46-a9f4-726b2fb437d1}*SharedItemsImports = 5
		ScrollIntoView.Shared\ScrollIntoView.Shared.projitems*{c4e15d10-dfda-4245-aa59-9d4edd293386}*SharedItemsImports = 4
		ScrollIntoView.Shared\ScrollIntoView.Shared.projitems*{f8bb49e8-bf64-4e4d-8ae7-a319820c0906}*SharedItemsImports = 4
	EndGlobalSection
EndGlobal
